
Microsoft Visual Studio Solution File, Format Version 12.00
# Visual Studio Version 17
VisualStudioVersion = 17.3.32929.385
MinimumVisualStudioVersion = 10.0.40219.1
Project("{FAE04EC0-301F-11D3-BF4B-00C04F79EFBC}") = "eShopSolution.WebApp", "eShopSolution.WebApp\eShopSolution.WebApp.csproj", "{722C4B7B-4454-4E95-94C7-08250F7C5964}"
EndProject
Project("{2150E333-8FDC-42A3-9474-1A3956D46DE8}") = "Solution Items", "Solution Items", "{78408307-E471-4291-A850-491D9B531042}"
	ProjectSection(SolutionItems) = preProject
		README.md = README.md
	EndProjectSection
EndProject
Project("{FAE04EC0-301F-11D3-BF4B-00C04F79EFBC}") = "eShopSolution.Data", "eShopSolution.Data\eShopSolution.Data.csproj", "{77B14C63-73AE-4874-B451-869CFC5B5C3E}"
EndProject
Project("{FAE04EC0-301F-11D3-BF4B-00C04F79EFBC}") = "eShopSolution.Application", "eShopSolution.Application\eShopSolution.Application.csproj", "{7A1616C1-C2D6-4DB7-BDCF-D953F9C1E853}"
EndProject
Global
	GlobalSection(SolutionConfigurationPlatforms) = preSolution
		Debug|Any CPU = Debug|Any CPU
		Release|Any CPU = Release|Any CPU
	EndGlobalSection
	GlobalSection(ProjectConfigurationPlatforms) = postSolution
		{722C4B7B-4454-4E95-94C7-08250F7C5964}.Debug|Any CPU.ActiveCfg = Debug|Any CPU
		{722C4B7B-4454-4E95-94C7-08250F7C5964}.Debug|Any CPU.Build.0 = Debug|Any CPU
		{722C4B7B-4454-4E95-94C7-08250F7C5964}.Release|Any CPU.ActiveCfg = Release|Any CPU
		{722C4B7B-4454-4E95-94C7-08250F7C5964}.Release|Any CPU.Build.0 = Release|Any CPU
		{77B14C63-73AE-4874-B451-869CFC5B5C3E}.Debug|Any CPU.ActiveCfg = Debug|Any CPU
		{77B14C63-73AE-4874-B451-869CFC5B5C3E}.Debug|Any CPU.Build.0 = Debug|Any CPU
		{77B14C63-73AE-4874-B451-869CFC5B5C3E}.Release|Any CPU.ActiveCfg = Release|Any CPU
		{77B14C63-73AE-4874-B451-869CFC5B5C3E}.Release|Any CPU.Build.0 = Release|Any CPU
		{7A1616C1-C2D6-4DB7-BDCF-D953F9C1E853}.Debug|Any CPU.ActiveCfg = Debug|Any CPU
		{7A1616C1-C2D6-4DB7-BDCF-D953F9C1E853}.Debug|Any CPU.Build.0 = Debug|Any CPU
		{7A1616C1-C2D6-4DB7-BDCF-D953F9C1E853}.Release|Any CPU.ActiveCfg = Release|Any CPU
		{7A1616C1-C2D6-4DB7-BDCF-D953F9C1E853}.Release|Any CPU.Build.0 = Release|Any CPU
	EndGlobalSection
	GlobalSection(SolutionProperties) = preSolution
		HideSolutionNode = FALSE
	EndGlobalSection
	GlobalSection(ExtensibilityGlobals) = postSolution
		SolutionGuid = {CD4B87E2-C6E4-475A-83F5-A69E770D17C6}
	EndGlobalSection
EndGlobal
